
Microsoft Visual Studio Solution File, Format Version 12.00
# Visual Studio Version 17
VisualStudioVersion = 17.11.35431.28
MinimumVisualStudioVersion = 10.0.40219.1
Project("{2150E333-8FDC-42A3-9474-1A3956D46DE8}") = "src", "src", "{F3E424BC-B353-45A9-8795-C43FAC2DF6AF}"
EndProject
Project("{2150E333-8FDC-42A3-9474-1A3956D46DE8}") = "tests", "tests", "{314D7134-C6FC-49B1-8E26-06A6AC5DAE63}"
EndProject
Project("{9A19103F-16F7-4668-BE54-9A1E7A4F7556}") = "EnumCentricStatusManagement.Core", "EnumCentricStatusManagement.Core\EnumCentricStatusManagement.Core.csproj", "{00BEA29A-D167-4D3A-A92A-2BE9A1C2E851}"
EndProject
Project("{9A19103F-16F7-4668-BE54-9A1E7A4F7556}") = "EnumCentricStatusManagement.Tests", "EnumCentricStatusManagement.Tests\EnumCentricStatusManagement.Tests.csproj", "{EA9CC7DA-2D12-4DC8-8623-97355E15F75B}"
EndProject
Global
	GlobalSection(SolutionConfigurationPlatforms) = preSolution
		Debug|Any CPU = Debug|Any CPU
		Release|Any CPU = Release|Any CPU
	EndGlobalSection
	GlobalSection(ProjectConfigurationPlatforms) = postSolution
		{00BEA29A-D167-4D3A-A92A-2BE9A1C2E851}.Debug|Any CPU.ActiveCfg = Debug|Any CPU
		{00BEA29A-D167-4D3A-A92A-2BE9A1C2E851}.Debug|Any CPU.Build.0 = Debug|Any CPU
		{00BEA29A-D167-4D3A-A92A-2BE9A1C2E851}.Release|Any CPU.ActiveCfg = Release|Any CPU
		{00BEA29A-D167-4D3A-A92A-2BE9A1C2E851}.Release|Any CPU.Build.0 = Release|Any CPU
		{EA9CC7DA-2D12-4DC8-8623-97355E15F75B}.Debug|Any CPU.ActiveCfg = Debug|Any CPU
		{EA9CC7DA-2D12-4DC8-8623-97355E15F75B}.Debug|Any CPU.Build.0 = Debug|Any CPU
		{EA9CC7DA-2D12-4DC8-8623-97355E15F75B}.Release|Any CPU.ActiveCfg = Release|Any CPU
		{EA9CC7DA-2D12-4DC8-8623-97355E15F75B}.Release|Any CPU.Build.0 = Release|Any CPU
	EndGlobalSection
	GlobalSection(SolutionProperties) = preSolution
		HideSolutionNode = FALSE
	EndGlobalSection
	GlobalSection(NestedProjects) = preSolution
		{00BEA29A-D167-4D3A-A92A-2BE9A1C2E851} = {F3E424BC-B353-45A9-8795-C43FAC2DF6AF}
		{EA9CC7DA-2D12-4DC8-8623-97355E15F75B} = {314D7134-C6FC-49B1-8E26-06A6AC5DAE63}
	EndGlobalSection
	GlobalSection(ExtensibilityGlobals) = postSolution
		SolutionGuid = {AF3AD6C7-89A7-4725-A345-2E6BA0EEEA29}
	EndGlobalSection
EndGlobal
